
Microsoft Visual Studio Solution File, Format Version 12.00
# Visual Studio Version 17
VisualStudioVersion = 17.3.32929.385
MinimumVisualStudioVersion = 10.0.40219.1
Project("{FAE04EC0-301F-11D3-BF4B-00C04F79EFBC}") = "Console_Lepidoptere", "Console_Lepidoptere\Console_Lepidoptere.csproj", "{401DEE03-4220-430E-9D42-8960DF77E586}"
EndProject
Project("{FAE04EC0-301F-11D3-BF4B-00C04F79EFBC}") = "CL_Lepidoptere", "CL_Lepidoptere\CL_Lepidoptere.csproj", "{C960BCB9-8B04-4131-BC16-D8F3B64DB8DB}"
EndProject
Global
	GlobalSection(SolutionConfigurationPlatforms) = preSolution
		Debug|Any CPU = Debug|Any CPU
		Release|Any CPU = Release|Any CPU
	EndGlobalSection
	GlobalSection(ProjectConfigurationPlatforms) = postSolution
		{401DEE03-4220-430E-9D42-8960DF77E586}.Debug|Any CPU.ActiveCfg = Debug|Any CPU
		{401DEE03-4220-430E-9D42-8960DF77E586}.Debug|Any CPU.Build.0 = Debug|Any CPU
		{401DEE03-4220-430E-9D42-8960DF77E586}.Release|Any CPU.ActiveCfg = Release|Any CPU
		{401DEE03-4220-430E-9D42-8960DF77E586}.Release|Any CPU.Build.0 = Release|Any CPU
		{C960BCB9-8B04-4131-BC16-D8F3B64DB8DB}.Debug|Any CPU.ActiveCfg = Debug|Any CPU
		{C960BCB9-8B04-4131-BC16-D8F3B64DB8DB}.Debug|Any CPU.Build.0 = Debug|Any CPU
		{C960BCB9-8B04-4131-BC16-D8F3B64DB8DB}.Release|Any CPU.ActiveCfg = Release|Any CPU
		{C960BCB9-8B04-4131-BC16-D8F3B64DB8DB}.Release|Any CPU.Build.0 = Release|Any CPU
	EndGlobalSection
	GlobalSection(SolutionProperties) = preSolution
		HideSolutionNode = FALSE
	EndGlobalSection
	GlobalSection(ExtensibilityGlobals) = postSolution
		SolutionGuid = {7A31AEF4-78F8-48D5-9CAD-6B59E4C608AA}
	EndGlobalSection
EndGlobal
