
Microsoft Visual Studio Solution File, Format Version 12.00
# Visual Studio Version 17
VisualStudioVersion = 17.3.32929.385
MinimumVisualStudioVersion = 10.0.40219.1
Project("{9A19103F-16F7-4668-BE54-9A1E7A4F7556}") = "Console_Point", "Console_Point\Console_Point.csproj", "{20387AEC-16FA-4DA6-A476-F7446223D558}"
EndProject
Project("{FAE04EC0-301F-11D3-BF4B-00C04F79EFBC}") = "CL_Point", "CL_Point\CL_Point.csproj", "{299D1778-F5E5-4B6E-AA9A-80733BCFA0F8}"
EndProject
Global
	GlobalSection(SolutionConfigurationPlatforms) = preSolution
		Debug|Any CPU = Debug|Any CPU
		Release|Any CPU = Release|Any CPU
	EndGlobalSection
	GlobalSection(ProjectConfigurationPlatforms) = postSolution
		{20387AEC-16FA-4DA6-A476-F7446223D558}.Debug|Any CPU.ActiveCfg = Debug|Any CPU
		{20387AEC-16FA-4DA6-A476-F7446223D558}.Debug|Any CPU.Build.0 = Debug|Any CPU
		{20387AEC-16FA-4DA6-A476-F7446223D558}.Release|Any CPU.ActiveCfg = Release|Any CPU
		{20387AEC-16FA-4DA6-A476-F7446223D558}.Release|Any CPU.Build.0 = Release|Any CPU
		{299D1778-F5E5-4B6E-AA9A-80733BCFA0F8}.Debug|Any CPU.ActiveCfg = Debug|Any CPU
		{299D1778-F5E5-4B6E-AA9A-80733BCFA0F8}.Debug|Any CPU.Build.0 = Debug|Any CPU
		{299D1778-F5E5-4B6E-AA9A-80733BCFA0F8}.Release|Any CPU.ActiveCfg = Release|Any CPU
		{299D1778-F5E5-4B6E-AA9A-80733BCFA0F8}.Release|Any CPU.Build.0 = Release|Any CPU
	EndGlobalSection
	GlobalSection(SolutionProperties) = preSolution
		HideSolutionNode = FALSE
	EndGlobalSection
	GlobalSection(ExtensibilityGlobals) = postSolution
		SolutionGuid = {CFC39631-E77B-4EBD-94D7-ACD4177D3DA6}
	EndGlobalSection
EndGlobal
