
Microsoft Visual Studio Solution File, Format Version 12.00
# Visual Studio Version 17
VisualStudioVersion = 17.3.32929.385
MinimumVisualStudioVersion = 10.0.40219.1
Project("{FAE04EC0-301F-11D3-BF4B-00C04F79EFBC}") = "Bouteille", "Bouteille\Bouteille.csproj", "{23C1C9F0-F4B4-4F30-AC57-5B1C2F49C900}"
EndProject
Project("{2150E333-8FDC-42A3-9474-1A3956D46DE8}") = "Éléments de solution", "Éléments de solution", "{210C0988-1C7D-466C-B817-194C40ECA97D}"
	ProjectSection(SolutionItems) = preProject
		pseudo-code.txt = pseudo-code.txt
	EndProjectSection
EndProject
Global
	GlobalSection(SolutionConfigurationPlatforms) = preSolution
		Debug|Any CPU = Debug|Any CPU
		Release|Any CPU = Release|Any CPU
	EndGlobalSection
	GlobalSection(ProjectConfigurationPlatforms) = postSolution
		{23C1C9F0-F4B4-4F30-AC57-5B1C2F49C900}.Debug|Any CPU.ActiveCfg = Debug|Any CPU
		{23C1C9F0-F4B4-4F30-AC57-5B1C2F49C900}.Debug|Any CPU.Build.0 = Debug|Any CPU
		{23C1C9F0-F4B4-4F30-AC57-5B1C2F49C900}.Release|Any CPU.ActiveCfg = Release|Any CPU
		{23C1C9F0-F4B4-4F30-AC57-5B1C2F49C900}.Release|Any CPU.Build.0 = Release|Any CPU
	EndGlobalSection
	GlobalSection(SolutionProperties) = preSolution
		HideSolutionNode = FALSE
	EndGlobalSection
	GlobalSection(ExtensibilityGlobals) = postSolution
		SolutionGuid = {C5E8FD8F-6F80-4415-83BC-5DFF82840BBA}
	EndGlobalSection
EndGlobal
