
Microsoft Visual Studio Solution File, Format Version 12.00
# Visual Studio Version 17
VisualStudioVersion = 17.3.32929.385
MinimumVisualStudioVersion = 10.0.40219.1
Project("{FAE04EC0-301F-11D3-BF4B-00C04F79EFBC}") = "Console_CompteBancaire", "Console_CompteBancaire\Console_CompteBancaire.csproj", "{C8A575F0-836E-4974-9B2B-E899DF20D786}"
EndProject
Project("{FAE04EC0-301F-11D3-BF4B-00C04F79EFBC}") = "CL_CompteBancaire", "CL_CompteBancaire\CL_CompteBancaire.csproj", "{B9B7A941-7EB5-46DB-B4FF-F90F1EB9396A}"
EndProject
Global
	GlobalSection(SolutionConfigurationPlatforms) = preSolution
		Debug|Any CPU = Debug|Any CPU
		Release|Any CPU = Release|Any CPU
	EndGlobalSection
	GlobalSection(ProjectConfigurationPlatforms) = postSolution
		{C8A575F0-836E-4974-9B2B-E899DF20D786}.Debug|Any CPU.ActiveCfg = Debug|Any CPU
		{C8A575F0-836E-4974-9B2B-E899DF20D786}.Debug|Any CPU.Build.0 = Debug|Any CPU
		{C8A575F0-836E-4974-9B2B-E899DF20D786}.Release|Any CPU.ActiveCfg = Release|Any CPU
		{C8A575F0-836E-4974-9B2B-E899DF20D786}.Release|Any CPU.Build.0 = Release|Any CPU
		{B9B7A941-7EB5-46DB-B4FF-F90F1EB9396A}.Debug|Any CPU.ActiveCfg = Debug|Any CPU
		{B9B7A941-7EB5-46DB-B4FF-F90F1EB9396A}.Debug|Any CPU.Build.0 = Debug|Any CPU
		{B9B7A941-7EB5-46DB-B4FF-F90F1EB9396A}.Release|Any CPU.ActiveCfg = Release|Any CPU
		{B9B7A941-7EB5-46DB-B4FF-F90F1EB9396A}.Release|Any CPU.Build.0 = Release|Any CPU
	EndGlobalSection
	GlobalSection(SolutionProperties) = preSolution
		HideSolutionNode = FALSE
	EndGlobalSection
	GlobalSection(ExtensibilityGlobals) = postSolution
		SolutionGuid = {0EA074C7-4A92-40B4-96AD-AD935A3C6116}
	EndGlobalSection
EndGlobal
