
Microsoft Visual Studio Solution File, Format Version 12.00
# Visual Studio Version 17
VisualStudioVersion = 17.3.32929.385
MinimumVisualStudioVersion = 10.0.40219.1
Project("{9A19103F-16F7-4668-BE54-9A1E7A4F7556}") = "Projet_Bouteille", "Projet_Bouteille\Projet_Bouteille.csproj", "{9BC9DA70-63C3-4283-B502-D4CD4E0DC5E2}"
EndProject
Project("{9A19103F-16F7-4668-BE54-9A1E7A4F7556}") = "CL_Bouteille", "CL_Bouteille\CL_Bouteille.csproj", "{3FE0874D-6C69-450C-8280-7F2086E76630}"
EndProject
Global
	GlobalSection(SolutionConfigurationPlatforms) = preSolution
		Debug|Any CPU = Debug|Any CPU
		Release|Any CPU = Release|Any CPU
	EndGlobalSection
	GlobalSection(ProjectConfigurationPlatforms) = postSolution
		{9BC9DA70-63C3-4283-B502-D4CD4E0DC5E2}.Debug|Any CPU.ActiveCfg = Debug|Any CPU
		{9BC9DA70-63C3-4283-B502-D4CD4E0DC5E2}.Debug|Any CPU.Build.0 = Debug|Any CPU
		{9BC9DA70-63C3-4283-B502-D4CD4E0DC5E2}.Release|Any CPU.ActiveCfg = Release|Any CPU
		{9BC9DA70-63C3-4283-B502-D4CD4E0DC5E2}.Release|Any CPU.Build.0 = Release|Any CPU
		{3FE0874D-6C69-450C-8280-7F2086E76630}.Debug|Any CPU.ActiveCfg = Debug|Any CPU
		{3FE0874D-6C69-450C-8280-7F2086E76630}.Debug|Any CPU.Build.0 = Debug|Any CPU
		{3FE0874D-6C69-450C-8280-7F2086E76630}.Release|Any CPU.ActiveCfg = Release|Any CPU
		{3FE0874D-6C69-450C-8280-7F2086E76630}.Release|Any CPU.Build.0 = Release|Any CPU
	EndGlobalSection
	GlobalSection(SolutionProperties) = preSolution
		HideSolutionNode = FALSE
	EndGlobalSection
	GlobalSection(ExtensibilityGlobals) = postSolution
		SolutionGuid = {5BEB7F72-D8AE-4F89-B159-7CAA35EFD34B}
	EndGlobalSection
EndGlobal
