
Microsoft Visual Studio Solution File, Format Version 12.00
# Visual Studio Version 17
VisualStudioVersion = 17.3.32929.385
MinimumVisualStudioVersion = 10.0.40219.1
Project("{FAE04EC0-301F-11D3-BF4B-00C04F79EFBC}") = "Exo_6_2_Jeu_Du_0_2", "Exo_6_2_Jeu_Du_0_2\Exo_6_2_Jeu_Du_0_2.csproj", "{4F158483-4BD9-48DE-B4DA-723265D2608F}"
EndProject
Project("{2150E333-8FDC-42A3-9474-1A3956D46DE8}") = "Éléments de solution", "Éléments de solution", "{4210C6B5-002C-47A2-83AA-F5ED71B13274}"
	ProjectSection(SolutionItems) = preProject
		pseudo-code.txt = pseudo-code.txt
	EndProjectSection
EndProject
Global
	GlobalSection(SolutionConfigurationPlatforms) = preSolution
		Debug|Any CPU = Debug|Any CPU
		Release|Any CPU = Release|Any CPU
	EndGlobalSection
	GlobalSection(ProjectConfigurationPlatforms) = postSolution
		{4F158483-4BD9-48DE-B4DA-723265D2608F}.Debug|Any CPU.ActiveCfg = Debug|Any CPU
		{4F158483-4BD9-48DE-B4DA-723265D2608F}.Debug|Any CPU.Build.0 = Debug|Any CPU
		{4F158483-4BD9-48DE-B4DA-723265D2608F}.Release|Any CPU.ActiveCfg = Release|Any CPU
		{4F158483-4BD9-48DE-B4DA-723265D2608F}.Release|Any CPU.Build.0 = Release|Any CPU
	EndGlobalSection
	GlobalSection(SolutionProperties) = preSolution
		HideSolutionNode = FALSE
	EndGlobalSection
	GlobalSection(ExtensibilityGlobals) = postSolution
		SolutionGuid = {39E78D91-1D35-472C-8DC0-708036540513}
	EndGlobalSection
EndGlobal
