
Microsoft Visual Studio Solution File, Format Version 12.00
# Visual Studio Version 17
VisualStudioVersion = 17.3.32929.385
MinimumVisualStudioVersion = 10.0.40219.1
Project("{9A19103F-16F7-4668-BE54-9A1E7A4F7556}") = "Exo_4_1_Recherche_Nombre_Tableau", "Exo_4_1_Recherche_Nombre_Tableau\Exo_4_1_Recherche_Nombre_Tableau.csproj", "{ECCC89AB-4BCE-47F9-A9A1-257FCF16FB4B}"
EndProject
Project("{2150E333-8FDC-42A3-9474-1A3956D46DE8}") = "Éléments de solution", "Éléments de solution", "{73338805-FC45-46CD-BE6C-0B6C6CEC8FD7}"
	ProjectSection(SolutionItems) = preProject
		pseudo-code.txt = pseudo-code.txt
	EndProjectSection
EndProject
Global
	GlobalSection(SolutionConfigurationPlatforms) = preSolution
		Debug|Any CPU = Debug|Any CPU
		Release|Any CPU = Release|Any CPU
	EndGlobalSection
	GlobalSection(ProjectConfigurationPlatforms) = postSolution
		{ECCC89AB-4BCE-47F9-A9A1-257FCF16FB4B}.Debug|Any CPU.ActiveCfg = Debug|Any CPU
		{ECCC89AB-4BCE-47F9-A9A1-257FCF16FB4B}.Debug|Any CPU.Build.0 = Debug|Any CPU
		{ECCC89AB-4BCE-47F9-A9A1-257FCF16FB4B}.Release|Any CPU.ActiveCfg = Release|Any CPU
		{ECCC89AB-4BCE-47F9-A9A1-257FCF16FB4B}.Release|Any CPU.Build.0 = Release|Any CPU
	EndGlobalSection
	GlobalSection(SolutionProperties) = preSolution
		HideSolutionNode = FALSE
	EndGlobalSection
	GlobalSection(ExtensibilityGlobals) = postSolution
		SolutionGuid = {7F7CFD71-A09C-453A-A635-97C4A11C52BD}
	EndGlobalSection
EndGlobal
