
Microsoft Visual Studio Solution File, Format Version 12.00
# Visual Studio Version 17
VisualStudioVersion = 17.3.32929.385
MinimumVisualStudioVersion = 10.0.40219.1
Project("{FAE04EC0-301F-11D3-BF4B-00C04F79EFBC}") = "Console_Banque", "Console_Banque\Console_Banque.csproj", "{8BAC909D-C304-4D47-AD1B-9BC3DDC5900D}"
EndProject
Project("{FAE04EC0-301F-11D3-BF4B-00C04F79EFBC}") = "CL_Banque", "CL_Banque\CL_Banque.csproj", "{DEC1DED3-B4D4-4D76-B397-CCF8415F8772}"
EndProject
Global
	GlobalSection(SolutionConfigurationPlatforms) = preSolution
		Debug|Any CPU = Debug|Any CPU
		Release|Any CPU = Release|Any CPU
	EndGlobalSection
	GlobalSection(ProjectConfigurationPlatforms) = postSolution
		{8BAC909D-C304-4D47-AD1B-9BC3DDC5900D}.Debug|Any CPU.ActiveCfg = Debug|Any CPU
		{8BAC909D-C304-4D47-AD1B-9BC3DDC5900D}.Debug|Any CPU.Build.0 = Debug|Any CPU
		{8BAC909D-C304-4D47-AD1B-9BC3DDC5900D}.Release|Any CPU.ActiveCfg = Release|Any CPU
		{8BAC909D-C304-4D47-AD1B-9BC3DDC5900D}.Release|Any CPU.Build.0 = Release|Any CPU
		{DEC1DED3-B4D4-4D76-B397-CCF8415F8772}.Debug|Any CPU.ActiveCfg = Debug|Any CPU
		{DEC1DED3-B4D4-4D76-B397-CCF8415F8772}.Debug|Any CPU.Build.0 = Debug|Any CPU
		{DEC1DED3-B4D4-4D76-B397-CCF8415F8772}.Release|Any CPU.ActiveCfg = Release|Any CPU
		{DEC1DED3-B4D4-4D76-B397-CCF8415F8772}.Release|Any CPU.Build.0 = Release|Any CPU
	EndGlobalSection
	GlobalSection(SolutionProperties) = preSolution
		HideSolutionNode = FALSE
	EndGlobalSection
	GlobalSection(ExtensibilityGlobals) = postSolution
		SolutionGuid = {9539913E-A2C8-4994-B036-583B12FEE513}
	EndGlobalSection
EndGlobal
